{
  "markbot": "36e3f622315c59369c9944d3c85d2794453d3d53bcf81da3bd08ad64aea6467e",
  "markbotignore": "030a4e6e1b3b6b510514a7ae54576e2c2ef762d56236c6414ef634955d96a126",
  "css/modules.css": "8a1ba27ffb3bd425520fe9f6e9353ba5c360d9b8f70214b0e0173359a538d415",
  "css/grid.css": "4530d5fcb8c810ef5c58aaabc319d0562b1e192bc87d572a2397c6395dd65d1c",
  "css/type.css": "27fa12036c60f595907a588d0adec045b6d52d163dd9ced14fba623382a9766c",
  "index-320.png": "6ed7c6b9a16bf080ce1630b3513b615e1e264d7efd4da9e13863470282f5551a",
  "index-400.png": "ec2bd2fd2c78bea1fa447ccfc566d2f5e6b4da5d23d0d8e55842c00ae9814e85",
  "index-608.png": "ba4e4bc810bd80af3c3c1e9fde37145f0d6affe9642dfd79673dc7fe0ef3dc7d",
  "index-960.png": "50bef87e770169da6893dfea0eed3fa88a26b3a25d7581a52baf582703283e39",
  "index-1440.png": "65f98f6ffd59d27abe183ef9ccef3610438d996c91971eb319a1b4bad1242635"
}