{
  "markbot": "36e3f622315c59369c9944d3c85d2794453d3d53bcf81da3bd08ad64aea6467e",
  "markbotignore": "030a4e6e1b3b6b510514a7ae54576e2c2ef762d56236c6414ef634955d96a126",
  "css/modules.css": "6823b706f688a7cab886e2c73d964cb8b0f2e0c245ccd78172b390bf7e2d489b",
  "css/grid.css": "4530d5fcb8c810ef5c58aaabc319d0562b1e192bc87d572a2397c6395dd65d1c",
  "css/type.css": "27fa12036c60f595907a588d0adec045b6d52d163dd9ced14fba623382a9766c",
  "index-320.png": "6061ad90393204df006942ce70ba73d1096ae29940f4f2cdcda36ea5bf1f7458",
  "index-400.png": "42d3fdffdb9d505286c32f7d356b79059adb2c870cd4eff70fe24d2029a3b07b",
  "index-608.png": "c3fc0532bd2d96cf46e069e1a67e3d0f4b143f62cbabddc8160015f5c3b4804d",
  "index-960.png": "324c263199ac7d6c4a1b14657201efd07865e8a869c2c7c90b31de48b259ee1a",
  "index-1440.png": "9aba829037d8730a346ca9588a5c4b70fc5f7b3be2fcd9107dfb8fe719ad9e8a"
}